{
  "nodes": {
    "espresso": {
      "inputs": {
        "nixpkgs": "nixpkgs"
      },
      "locked": {
        "lastModified": 1772648098,
        "narHash": "sha256-Q9s5ZoPHaX5Do3I87F5GI8ywJblKrh5jkwsDICpWfvg=",
        "owner": "KINGFIOX",
        "repo": "espresso",
        "rev": "24a3642989a0c29e317bd32bb5faed6999eb29ad",
        "type": "github"
      },
      "original": {
        "owner": "KINGFIOX",
        "repo": "espresso",
        "type": "github"
      }
    },
    "fixdep": {
      "inputs": {
        "nixpkgs": "nixpkgs_2"
      },
      "locked": {
        "lastModified": 1772649604,
        "narHash": "sha256-EtFGvIdBVIaZQudAHiVUyOyqlAZZfTaSx3h2JhtaPSQ=",
        "owner": "KINGFIOX",
        "repo": "fixdep",
        "rev": "9d97debb2942b9ce2f6b527f303458f1f53cea51",
        "type": "github"
      },
      "original": {
        "owner": "KINGFIOX",
        "repo": "fixdep",
        "type": "github"
      }
    },
    "flake-utils": {
      "inputs": {
        "systems": "systems"
      },
      "locked": {
        "lastModified": 1731533236,
        "narHash": "sha256-l0KFg5HjrsfsO/JpG+r7fRrqm12kzFHyUHqHCVpMMbI=",
        "owner": "numtide",
        "repo": "flake-utils",
        "rev": "11707dc2f618dd54ca8739b309ec4fc024de578b",
        "type": "github"
      },
      "original": {
        "owner": "numtide",
        "repo": "flake-utils",
        "type": "github"
      }
    },
    "nixpkgs": {
      "locked": {
        "lastModified": 1772542754,
        "narHash": "sha256-WGV2hy+VIeQsYXpsLjdr4GvHv5eECMISX1zKLTedhdg=",
        "owner": "NixOS",
        "repo": "nixpkgs",
        "rev": "8c809a146a140c5c8806f13399592dbcb1bb5dc4",
        "type": "github"
      },
      "original": {
        "owner": "NixOS",
        "ref": "nixos-unstable",
        "repo": "nixpkgs",
        "type": "github"
      }
    },
    "nixpkgs_2": {
      "locked": {
        "lastModified": 1772542754,
        "narHash": "sha256-WGV2hy+VIeQsYXpsLjdr4GvHv5eECMISX1zKLTedhdg=",
        "owner": "NixOS",
        "repo": "nixpkgs",
        "rev": "8c809a146a140c5c8806f13399592dbcb1bb5dc4",
        "type": "github"
      },
      "original": {
        "id": "nixpkgs",
        "ref": "nixos-unstable",
        "type": "indirect"
      }
    },
    "nixpkgs_3": {
      "locked": {
        "lastModified": 1772542754,
        "narHash": "sha256-WGV2hy+VIeQsYXpsLjdr4GvHv5eECMISX1zKLTedhdg=",
        "owner": "NixOS",
        "repo": "nixpkgs",
        "rev": "8c809a146a140c5c8806f13399592dbcb1bb5dc4",
        "type": "github"
      },
      "original": {
        "owner": "NixOS",
        "ref": "nixos-unstable",
        "repo": "nixpkgs",
        "type": "github"
      }
    },
    "nixpkgs_4": {
      "locked": {
        "lastModified": 1772542754,
        "narHash": "sha256-WGV2hy+VIeQsYXpsLjdr4GvHv5eECMISX1zKLTedhdg=",
        "owner": "NixOS",
        "repo": "nixpkgs",
        "rev": "8c809a146a140c5c8806f13399592dbcb1bb5dc4",
        "type": "github"
      },
      "original": {
        "owner": "NixOS",
        "ref": "nixos-unstable",
        "repo": "nixpkgs",
        "type": "github"
      }
    },
    "nvboard": {
      "inputs": {
        "nixpkgs": "nixpkgs_4"
      },
      "locked": {
        "lastModified": 1772652907,
        "narHash": "sha256-m6exgmEWT89pNgMnLO6ffEbCxmySFLDQil8o0XiD2OM=",
        "owner": "KINGFIOX",
        "repo": "nvboard",
        "rev": "98f7d8145b91369a4212b214b729269ece2226f1",
        "type": "github"
      },
      "original": {
        "owner": "KINGFIOX",
        "repo": "nvboard",
        "type": "github"
      }
    },
    "root": {
      "inputs": {
        "espresso": "espresso",
        "fixdep": "fixdep",
        "flake-utils": "flake-utils",
        "nixpkgs": "nixpkgs_3",
        "nvboard": "nvboard",
        "rust-overlay": "rust-overlay"
      }
    },
    "rust-overlay": {
      "inputs": {
        "nixpkgs": [
          "nixpkgs"
        ]
      },
      "locked": {
        "lastModified": 1772247314,
        "narHash": "sha256-x6IFQ9bL7YYfW2m2z8D3Em2YtAA3HE8kiCFwai2fwrw=",
        "owner": "oxalica",
        "repo": "rust-overlay",
        "rev": "a1ab5e89ab12e1a37c0b264af6386a7472d68a15",
        "type": "github"
      },
      "original": {
        "owner": "oxalica",
        "repo": "rust-overlay",
        "type": "github"
      }
    },
    "systems": {
      "locked": {
        "lastModified": 1681028828,
        "narHash": "sha256-Vy1rq5AaRuLzOxct8nz4T6wlgyUR7zLU309k9mBC768=",
        "owner": "nix-systems",
        "repo": "default",
        "rev": "da67096a3b9bf56a91d16901293e51ba5b49a27e",
        "type": "github"
      },
      "original": {
        "owner": "nix-systems",
        "repo": "default",
        "type": "github"
      }
    }
  },
  "root": "root",
  "version": 7
}
